<?xml version="1.0" encoding="utf-8"?>
<Project ToolsVersion="17.0" xmlns="http://schemas.microsoft.com/developer/msbuild/2003">
  <ItemGroup>
    <ClCompile Include="E:\VScode\just_for_job\webserver\CppWebServer\src\main.cpp">
      <Filter>Source Files</Filter>
    </ClCompile>
    <ClCompile Include="E:\VScode\just_for_job\webserver\CppWebServer\src\logger.cpp">
      <Filter>Source Files</Filter>
    </ClCompile>
    <ClCompile Include="E:\VScode\just_for_job\webserver\CppWebServer\src\threadpool.cpp">
      <Filter>Source Files</Filter>
    </ClCompile>
    <ClCompile Include="E:\VScode\just_for_job\webserver\CppWebServer\src\http_request.cpp">
      <Filter>Source Files</Filter>
    </ClCompile>
    <ClCompile Include="E:\VScode\just_for_job\webserver\CppWebServer\src\server.cpp">
      <Filter>Source Files</Filter>
    </ClCompile>
  </ItemGroup>
  <ItemGroup>
    <CustomBuild Include="E:\VScode\just_for_job\webserver\CppWebServer\CMakeLists.txt" />
  </ItemGroup>
  <ItemGroup>
    <Filter Include="Source Files">
      <UniqueIdentifier>{E515D51B-641B-3352-9D6E-DE43572B8B05}</UniqueIdentifier>
    </Filter>
  </ItemGroup>
</Project>
