<?xml version="1.0" encoding="utf-8"?>
<Project ToolsVersion="17.0" xmlns="http://schemas.microsoft.com/developer/msbuild/2003">
  <ItemGroup>
    <CustomBuild Include="E:\VScode\just_for_job\webserver\CppWebServer\build_win\CMakeFiles\667a8fb7152fcf7afebe6b320b6a5e9b\generate.stamp.rule">
      <Filter>CMake Rules</Filter>
    </CustomBuild>
  </ItemGroup>
  <ItemGroup>
    <Filter Include="CMake Rules">
      <UniqueIdentifier>{52CC037C-2D0A-3E6D-A6F0-B6C4F7C0D3AE}</UniqueIdentifier>
    </Filter>
  </ItemGroup>
</Project>
